// !$*UTF8*$!
{
	archiveVersion = 1;
	classes = {
	};
	objectVersion = 77;
	objects = {

/* Begin PBXContainerItemProxy section */
		903511272ECF6AAF00882C28 /* PBXContainerItemProxy */ = {
			isa = PBXContainerItemProxy;
			containerPortal = 9035110F2ECF6AAE00882C28 /* Project object */;
			proxyType = 1;
			remoteGlobalIDString = 903511162ECF6AAE00882C28;
			remoteInfo = "Liuli-Server";
		};
		903511312ECF6AAF00882C28 /* PBXContainerItemProxy */ = {
			isa = PBXContainerItemProxy;
			containerPortal = 9035110F2ECF6AAE00882C28 /* Project object */;
			proxyType = 1;
			remoteGlobalIDString = 903511162ECF6AAE00882C28;
			remoteInfo = "Liuli-Server";
		};
/* End PBXContainerItemProxy section */

/* Begin PBXFileReference section */
		903511172ECF6AAE00882C28 /* Liuli-Server.app */ = {isa = PBXFileReference; explicitFileType = wrapper.application; includeInIndex = 0; path = "Liuli-Server.app"; sourceTree = BUILT_PRODUCTS_DIR; };
		903511262ECF6AAF00882C28 /* Liuli-ServerTests.xctest */ = {isa = PBXFileReference; explicitFileType = wrapper.cfbundle; includeInIndex = 0; path = "Liuli-ServerTests.xctest"; sourceTree = BUILT_PRODUCTS_DIR; };
		903511302ECF6AAF00882C28 /* Liuli-ServerUITests.xctest */ = {isa = PBXFileReference; explicitFileType = wrapper.cfbundle; includeInIndex = 0; path = "Liuli-ServerUITests.xctest"; sourceTree = BUILT_PRODUCTS_DIR; };
/* End PBXFileReference section */

/* Begin PBXFileSystemSynchronizedRootGroup section */
		903511192ECF6AAE00882C28 /* Liuli-Server */ = {
			isa = PBXFileSystemSynchronizedRootGroup;
			path = "Liuli-Server";
			sourceTree = "<group>";
		};
		903511292ECF6AAF00882C28 /* Liuli-ServerTests */ = {
			isa = PBXFileSystemSynchronizedRootGroup;
			path = "Liuli-ServerTests";
			sourceTree = "<group>";
		};
		903511332ECF6AAF00882C28 /* Liuli-ServerUITests */ = {
			isa = PBXFileSystemSynchronizedRootGroup;
			path = "Liuli-ServerUITests";
			sourceTree = "<group>";
		};
/* End PBXFileSystemSynchronizedRootGroup section */

/* Begin PBXFrameworksBuildPhase section */
		903511142ECF6AAE00882C28 /* Frameworks */ = {
			isa = PBXFrameworksBuildPhase;
			buildActionMask = 2147483647;
			files = (
			);
			runOnlyForDeploymentPostprocessing = 0;
		};
		903511232ECF6AAF00882C28 /* Frameworks */ = {
			isa = PBXFrameworksBuildPhase;
			buildActionMask = 2147483647;
			files = (
			);
			runOnlyForDeploymentPostprocessing = 0;
		};
		9035112D2ECF6AAF00882C28 /* Frameworks */ = {
			isa = PBXFrameworksBuildPhase;
			buildActionMask = 2147483647;
			files = (
			);
			runOnlyForDeploymentPostprocessing = 0;
		};
/* End PBXFrameworksBuildPhase section */

/* Begin PBXGroup section */
		9035110E2ECF6AAE00882C28 = {
			isa = PBXGroup;
			children = (
				903511192ECF6AAE00882C28 /* Liuli-Server */,
				903511292ECF6AAF00882C28 /* Liuli-ServerTests */,
				903511332ECF6AAF00882C28 /* Liuli-ServerUITests */,
				903511182ECF6AAE00882C28 /* Products */,
			);
			sourceTree = "<group>";
		};
		903511182ECF6AAE00882C28 /* Products */ = {
			isa = PBXGroup;
			children = (
				903511172ECF6AAE00882C28 /* Liuli-Server.app */,
				903511262ECF6AAF00882C28 /* Liuli-ServerTests.xctest */,
				903511302ECF6AAF00882C28 /* Liuli-ServerUITests.xctest */,
			);
			name = Products;
			sourceTree = "<group>";
		};
/* End PBXGroup section */

/* Begin PBXNativeTarget section */
		903511162ECF6AAE00882C28 /* Liuli-Server */ = {
			isa = PBXNativeTarget;
			buildConfigurationList = 9035113A2ECF6AAF00882C28 /* Build configuration list for PBXNativeTarget "Liuli-Server" */;
			buildPhases = (
				903511132ECF6AAE00882C28 /* Sources */,
				903511142ECF6AAE00882C28 /* Frameworks */,
				903511152ECF6AAE00882C28 /* Resources */,
			);
			buildRules = (
			);
			dependencies = (
			);
			fileSystemSynchronizedGroups = (
				903511192ECF6AAE00882C28 /* Liuli-Server */,
			);
			name = "Liuli-Server";
			packageProductDependencies = (
			);
			productName = "Liuli-Server";
			productReference = 903511172ECF6AAE00882C28 /* Liuli-Server.app */;
			productType = "com.apple.product-type.application";
		};
		903511252ECF6AAF00882C28 /* Liuli-ServerTests */ = {
			isa = PBXNativeTarget;
			buildConfigurationList = 9035113D2ECF6AAF00882C28 /* Build configuration list for PBXNativeTarget "Liuli-ServerTests" */;
			buildPhases = (
				903511222ECF6AAF00882C28 /* Sources */,
				903511232ECF6AAF00882C28 /* Frameworks */,
				903511242ECF6AAF00882C28 /* Resources */,
			);
			buildRules = (
			);
			dependencies = (
				903511282ECF6AAF00882C28 /* PBXTargetDependency */,
			);
			fileSystemSynchronizedGroups = (
				903511292ECF6AAF00882C28 /* Liuli-ServerTests */,
			);
			name = "Liuli-ServerTests";
			packageProductDependencies = (
			);
			productName = "Liuli-ServerTests";
			productReference = 903511262ECF6AAF00882C28 /* Liuli-ServerTests.xctest */;
			productType = "com.apple.product-type.bundle.unit-test";
		};
		9035112F2ECF6AAF00882C28 /* Liuli-ServerUITests */ = {
			isa = PBXNativeTarget;
			buildConfigurationList = 903511402ECF6AAF00882C28 /* Build configuration list for PBXNativeTarget "Liuli-ServerUITests" */;
			buildPhases = (
				9035112C2ECF6AAF00882C28 /* Sources */,
				9035112D2ECF6AAF00882C28 /* Frameworks */,
				9035112E2ECF6AAF00882C28 /* Resources */,
			);
			buildRules = (
			);
			dependencies = (
				903511322ECF6AAF00882C28 /* PBXTargetDependency */,
			);
			fileSystemSynchronizedGroups = (
				903511332ECF6AAF00882C28 /* Liuli-ServerUITests */,
			);
			name = "Liuli-ServerUITests";
			packageProductDependencies = (
			);
			productName = "Liuli-ServerUITests";
			productReference = 903511302ECF6AAF00882C28 /* Liuli-ServerUITests.xctest */;
			productType = "com.apple.product-type.bundle.ui-testing";
		};
/* End PBXNativeTarget section */

/* Begin PBXProject section */
		9035110F2ECF6AAE00882C28 /* Project object */ = {
			isa = PBXProject;
			attributes = {
				BuildIndependentTargetsInParallel = 1;
				LastSwiftUpdateCheck = 2610;
				LastUpgradeCheck = 2610;
				TargetAttributes = {
					903511162ECF6AAE00882C28 = {
						CreatedOnToolsVersion = 26.1.1;
					};
					903511252ECF6AAF00882C28 = {
						CreatedOnToolsVersion = 26.1.1;
						TestTargetID = 903511162ECF6AAE00882C28;
					};
					9035112F2ECF6AAF00882C28 = {
						CreatedOnToolsVersion = 26.1.1;
						TestTargetID = 903511162ECF6AAE00882C28;
					};
				};
			};
			buildConfigurationList = 903511122ECF6AAE00882C28 /* Build configuration list for PBXProject "Liuli-Server" */;
			developmentRegion = en;
			hasScannedForEncodings = 0;
			knownRegions = (
				en,
				Base,
				"zh-Hans",
			);
			mainGroup = 9035110E2ECF6AAE00882C28;
			minimizedProjectReferenceProxies = 1;
			preferredProjectObjectVersion = 77;
			productRefGroup = 903511182ECF6AAE00882C28 /* Products */;
			projectDirPath = "";
			projectRoot = "";
			targets = (
				903511162ECF6AAE00882C28 /* Liuli-Server */,
				903511252ECF6AAF00882C28 /* Liuli-ServerTests */,
				9035112F2ECF6AAF00882C28 /* Liuli-ServerUITests */,
			);
		};
/* End PBXProject section */

/* Begin PBXResourcesBuildPhase section */
		903511152ECF6AAE00882C28 /* Resources */ = {
			isa = PBXResourcesBuildPhase;
			buildActionMask = 2147483647;
			files = (
			);
			runOnlyForDeploymentPostprocessing = 0;
		};
		903511242ECF6AAF00882C28 /* Resources */ = {
			isa = PBXResourcesBuildPhase;
			buildActionMask = 2147483647;
			files = (
			);
			runOnlyForDeploymentPostprocessing = 0;
		};
		9035112E2ECF6AAF00882C28 /* Resources */ = {
			isa = PBXResourcesBuildPhase;
			buildActionMask = 2147483647;
			files = (
			);
			runOnlyForDeploymentPostprocessing = 0;
		};
/* End PBXResourcesBuildPhase section */

/* Begin PBXSourcesBuildPhase section */
		903511132ECF6AAE00882C28 /* Sources */ = {
			isa = PBXSourcesBuildPhase;
			buildActionMask = 2147483647;
			files = (
			);
			runOnlyForDeploymentPostprocessing = 0;
		};
		903511222ECF6AAF00882C28 /* Sources */ = {
			isa = PBXSourcesBuildPhase;
			buildActionMask = 2147483647;
			files = (
			);
			runOnlyForDeploymentPostprocessing = 0;
		};
		9035112C2ECF6AAF00882C28 /* Sources */ = {
			isa = PBXSourcesBuildPhase;
			buildActionMask = 2147483647;
			files = (
			);
			runOnlyForDeploymentPostprocessing = 0;
		};
/* End PBXSourcesBuildPhase section */

/* Begin PBXTargetDependency section */
		903511282ECF6AAF00882C28 /* PBXTargetDependency */ = {
			isa = PBXTargetDependency;
			target = 903511162ECF6AAE00882C28 /* Liuli-Server */;
			targetProxy = 903511272ECF6AAF00882C28 /* PBXContainerItemProxy */;
		};
		903511322ECF6AAF00882C28 /* PBXTargetDependency */ = {
			isa = PBXTargetDependency;
			target = 903511162ECF6AAE00882C28 /* Liuli-Server */;
			targetProxy = 903511312ECF6AAF00882C28 /* PBXContainerItemProxy */;
		};
/* End PBXTargetDependency section */

/* Begin XCBuildConfiguration section */
		903511382ECF6AAF00882C28 /* Debug */ = {
			isa = XCBuildConfiguration;
			buildSettings = {
				ALWAYS_SEARCH_USER_PATHS = NO;
				ASSETCATALOG_COMPILER_GENERATE_SWIFT_ASSET_SYMBOL_EXTENSIONS = YES;
				CLANG_ANALYZER_NONNULL = YES;
				CLANG_ANALYZER_NUMBER_OBJECT_CONVERSION = YES_AGGRESSIVE;
				CLANG_CXX_LANGUAGE_STANDARD = "gnu++20";
				CLANG_ENABLE_MODULES = YES;
				CLANG_ENABLE_OBJC_ARC = YES;
				CLANG_ENABLE_OBJC_WEAK = YES;
				CLANG_WARN_BLOCK_CAPTURE_AUTORELEASING = YES;
				CLANG_WARN_BOOL_CONVERSION = YES;
				CLANG_WARN_COMMA = YES;
				CLANG_WARN_CONSTANT_CONVERSION = YES;
				CLANG_WARN_DEPRECATED_OBJC_IMPLEMENTATIONS = YES;
				CLANG_WARN_DIRECT_OBJC_ISA_USAGE = YES_ERROR;
				CLANG_WARN_DOCUMENTATION_COMMENTS = YES;
				CLANG_WARN_EMPTY_BODY = YES;
				CLANG_WARN_ENUM_CONVERSION = YES;
				CLANG_WARN_INFINITE_RECURSION = YES;
				CLANG_WARN_INT_CONVERSION = YES;
				CLANG_WARN_NON_LITERAL_NULL_CONVERSION = YES;
				CLANG_WARN_OBJC_IMPLICIT_RETAIN_SELF = YES;
				CLANG_WARN_OBJC_LITERAL_CONVERSION = YES;
				CLANG_WARN_OBJC_ROOT_CLASS = YES_ERROR;
				CLANG_WARN_QUOTED_INCLUDE_IN_FRAMEWORK_HEADER = YES;
				CLANG_WARN_RANGE_LOOP_ANALYSIS = YES;
				CLANG_WARN_STRICT_PROTOTYPES = YES;
				CLANG_WARN_SUSPICIOUS_MOVE = YES;
				CLANG_WARN_UNGUARDED_AVAILABILITY = YES_AGGRESSIVE;
				CLANG_WARN_UNREACHABLE_CODE = YES;
				CLANG_WARN__DUPLICATE_METHOD_MATCH = YES;
				COPY_PHASE_STRIP = NO;
				DEBUG_INFORMATION_FORMAT = dwarf;
				DEVELOPMENT_TEAM = W8E8RFHDS3;
				ENABLE_STRICT_OBJC_MSGSEND = YES;
				ENABLE_TESTABILITY = YES;
				ENABLE_USER_SCRIPT_SANDBOXING = YES;
				GCC_C_LANGUAGE_STANDARD = gnu17;
				GCC_DYNAMIC_NO_PIC = NO;
				GCC_NO_COMMON_BLOCKS = YES;
				GCC_OPTIMIZATION_LEVEL = 0;
				GCC_PREPROCESSOR_DEFINITIONS = (
					"DEBUG=1",
					"$(inherited)",
				);
				GCC_WARN_64_TO_32_BIT_CONVERSION = YES;
				GCC_WARN_ABOUT_RETURN_TYPE = YES_ERROR;
				GCC_WARN_UNDECLARED_SELECTOR = YES;
				GCC_WARN_UNINITIALIZED_AUTOS = YES_AGGRESSIVE;
				GCC_WARN_UNUSED_FUNCTION = YES;
				GCC_WARN_UNUSED_VARIABLE = YES;
				LOCALIZATION_PREFERS_STRING_CATALOGS = YES;
				MACOSX_DEPLOYMENT_TARGET = 26.1;
				MTL_ENABLE_DEBUG_INFO = INCLUDE_SOURCE;
				MTL_FAST_MATH = YES;
				ONLY_ACTIVE_ARCH = YES;
				SDKROOT = macosx;
				SWIFT_ACTIVE_COMPILATION_CONDITIONS = "DEBUG $(inherited)";
				SWIFT_OPTIMIZATION_LEVEL = "-Onone";
			};
			name = Debug;
		};
		903511392ECF6AAF00882C28 /* Release */ = {
			isa = XCBuildConfiguration;
			buildSettings = {
				ALWAYS_SEARCH_USER_PATHS = NO;
				ASSETCATALOG_COMPILER_GENERATE_SWIFT_ASSET_SYMBOL_EXTENSIONS = YES;
				CLANG_ANALYZER_NONNULL = YES;
				CLANG_ANALYZER_NUMBER_OBJECT_CONVERSION = YES_AGGRESSIVE;
				CLANG_CXX_LANGUAGE_STANDARD = "gnu++20";
				CLANG_ENABLE_MODULES = YES;
				CLANG_ENABLE_OBJC_ARC = YES;
				CLANG_ENABLE_OBJC_WEAK = YES;
				CLANG_WARN_BLOCK_CAPTURE_AUTORELEASING = YES;
				CLANG_WARN_BOOL_CONVERSION = YES;
				CLANG_WARN_COMMA = YES;
				CLANG_WARN_CONSTANT_CONVERSION = YES;
				CLANG_WARN_DEPRECATED_OBJC_IMPLEMENTATIONS = YES;
				CLANG_WARN_DIRECT_OBJC_ISA_USAGE = YES_ERROR;
				CLANG_WARN_DOCUMENTATION_COMMENTS = YES;
				CLANG_WARN_EMPTY_BODY = YES;
				CLANG_WARN_ENUM_CONVERSION = YES;
				CLANG_WARN_INFINITE_RECURSION = YES;
				CLANG_WARN_INT_CONVERSION = YES;
				CLANG_WARN_NON_LITERAL_NULL_CONVERSION = YES;
				CLANG_WARN_OBJC_IMPLICIT_RETAIN_SELF = YES;
				CLANG_WARN_OBJC_LITERAL_CONVERSION = YES;
				CLANG_WARN_OBJC_ROOT_CLASS = YES_ERROR;
				CLANG_WARN_QUOTED_INCLUDE_IN_FRAMEWORK_HEADER = YES;
				CLANG_WARN_RANGE_LOOP_ANALYSIS = YES;
				CLANG_WARN_STRICT_PROTOTYPES = YES;
				CLANG_WARN_SUSPICIOUS_MOVE = YES;
				CLANG_WARN_UNGUARDED_AVAILABILITY = YES_AGGRESSIVE;
				CLANG_WARN_UNREACHABLE_CODE = YES;
				CLANG_WARN__DUPLICATE_METHOD_MATCH = YES;
				COPY_PHASE_STRIP = NO;
				DEBUG_INFORMATION_FORMAT = "dwarf-with-dsym";
				DEVELOPMENT_TEAM = W8E8RFHDS3;
				ENABLE_NS_ASSERTIONS = NO;
				ENABLE_STRICT_OBJC_MSGSEND = YES;
				ENABLE_USER_SCRIPT_SANDBOXING = YES;
				GCC_C_LANGUAGE_STANDARD = gnu17;
				GCC_NO_COMMON_BLOCKS = YES;
				GCC_WARN_64_TO_32_BIT_CONVERSION = YES;
				GCC_WARN_ABOUT_RETURN_TYPE = YES_ERROR;
				GCC_WARN_UNDECLARED_SELECTOR = YES;
				GCC_WARN_UNINITIALIZED_AUTOS = YES_AGGRESSIVE;
				GCC_WARN_UNUSED_FUNCTION = YES;
				GCC_WARN_UNUSED_VARIABLE = YES;
				LOCALIZATION_PREFERS_STRING_CATALOGS = YES;
				MACOSX_DEPLOYMENT_TARGET = 26.1;
				MTL_ENABLE_DEBUG_INFO = NO;
				MTL_FAST_MATH = YES;
				SDKROOT = macosx;
				SWIFT_COMPILATION_MODE = wholemodule;
			};
			name = Release;
		};
		9035113B2ECF6AAF00882C28 /* Debug */ = {
			isa = XCBuildConfiguration;
			buildSettings = {
				ASSETCATALOG_COMPILER_APPICON_NAME = AppIcon;
				ASSETCATALOG_COMPILER_GLOBAL_ACCENT_COLOR_NAME = AccentColor;
				CODE_SIGN_STYLE = Automatic;
				COMBINE_HIDPI_IMAGES = YES;
				CURRENT_PROJECT_VERSION = 1;
				DEVELOPMENT_TEAM = W8E8RFHDS3;
				ENABLE_APP_SANDBOX = YES;
				ENABLE_HARDENED_RUNTIME = YES;
				ENABLE_PREVIEWS = YES;
				ENABLE_USER_SELECTED_FILES = readonly;
				GENERATE_INFOPLIST_FILE = YES;
				INFOPLIST_KEY_NSHumanReadableCopyright = "";
				LD_RUNPATH_SEARCH_PATHS = (
					"$(inherited)",
					"@executable_path/../Frameworks",
				);
				MARKETING_VERSION = 1.0;
				PRODUCT_BUNDLE_IDENTIFIER = "cn.kabda.Liuli-Server";
				PRODUCT_NAME = "$(TARGET_NAME)";
				REGISTER_APP_GROUPS = YES;
				STRING_CATALOG_GENERATE_SYMBOLS = YES;
				SWIFT_APPROACHABLE_CONCURRENCY = YES;
				SWIFT_DEFAULT_ACTOR_ISOLATION = MainActor;
				SWIFT_EMIT_LOC_STRINGS = YES;
				SWIFT_UPCOMING_FEATURE_MEMBER_IMPORT_VISIBILITY = YES;
				SWIFT_VERSION = 5.0;
			};
			name = Debug;
		};
		9035113C2ECF6AAF00882C28 /* Release */ = {
			isa = XCBuildConfiguration;
			buildSettings = {
				ASSETCATALOG_COMPILER_APPICON_NAME = AppIcon;
				ASSETCATALOG_COMPILER_GLOBAL_ACCENT_COLOR_NAME = AccentColor;
				CODE_SIGN_STYLE = Automatic;
				COMBINE_HIDPI_IMAGES = YES;
				CURRENT_PROJECT_VERSION = 1;
				DEVELOPMENT_TEAM = W8E8RFHDS3;
				ENABLE_APP_SANDBOX = YES;
				ENABLE_HARDENED_RUNTIME = YES;
				ENABLE_PREVIEWS = YES;
				ENABLE_USER_SELECTED_FILES = readonly;
				GENERATE_INFOPLIST_FILE = YES;
				INFOPLIST_KEY_NSHumanReadableCopyright = "";
				LD_RUNPATH_SEARCH_PATHS = (
					"$(inherited)",
					"@executable_path/../Frameworks",
				);
				MARKETING_VERSION = 1.0;
				PRODUCT_BUNDLE_IDENTIFIER = "cn.kabda.Liuli-Server";
				PRODUCT_NAME = "$(TARGET_NAME)";
				REGISTER_APP_GROUPS = YES;
				STRING_CATALOG_GENERATE_SYMBOLS = YES;
				SWIFT_APPROACHABLE_CONCURRENCY = YES;
				SWIFT_DEFAULT_ACTOR_ISOLATION = MainActor;
				SWIFT_EMIT_LOC_STRINGS = YES;
				SWIFT_UPCOMING_FEATURE_MEMBER_IMPORT_VISIBILITY = YES;
				SWIFT_VERSION = 5.0;
			};
			name = Release;
		};
		9035113E2ECF6AAF00882C28 /* Debug */ = {
			isa = XCBuildConfiguration;
			buildSettings = {
				BUNDLE_LOADER = "$(TEST_HOST)";
				CODE_SIGN_STYLE = Automatic;
				CURRENT_PROJECT_VERSION = 1;
				DEVELOPMENT_TEAM = W8E8RFHDS3;
				GENERATE_INFOPLIST_FILE = YES;
				MACOSX_DEPLOYMENT_TARGET = 26.1;
				MARKETING_VERSION = 1.0;
				PRODUCT_BUNDLE_IDENTIFIER = "cn.kabda.Liuli-ServerTests";
				PRODUCT_NAME = "$(TARGET_NAME)";
				STRING_CATALOG_GENERATE_SYMBOLS = NO;
				SWIFT_APPROACHABLE_CONCURRENCY = YES;
				SWIFT_EMIT_LOC_STRINGS = NO;
				SWIFT_UPCOMING_FEATURE_MEMBER_IMPORT_VISIBILITY = YES;
				SWIFT_VERSION = 5.0;
				TEST_HOST = "$(BUILT_PRODUCTS_DIR)/Liuli-Server.app/$(BUNDLE_EXECUTABLE_FOLDER_PATH)/Liuli-Server";
			};
			name = Debug;
		};
		9035113F2ECF6AAF00882C28 /* Release */ = {
			isa = XCBuildConfiguration;
			buildSettings = {
				BUNDLE_LOADER = "$(TEST_HOST)";
				CODE_SIGN_STYLE = Automatic;
				CURRENT_PROJECT_VERSION = 1;
				DEVELOPMENT_TEAM = W8E8RFHDS3;
				GENERATE_INFOPLIST_FILE = YES;
				MACOSX_DEPLOYMENT_TARGET = 26.1;
				MARKETING_VERSION = 1.0;
				PRODUCT_BUNDLE_IDENTIFIER = "cn.kabda.Liuli-ServerTests";
				PRODUCT_NAME = "$(TARGET_NAME)";
				STRING_CATALOG_GENERATE_SYMBOLS = NO;
				SWIFT_APPROACHABLE_CONCURRENCY = YES;
				SWIFT_EMIT_LOC_STRINGS = NO;
				SWIFT_UPCOMING_FEATURE_MEMBER_IMPORT_VISIBILITY = YES;
				SWIFT_VERSION = 5.0;
				TEST_HOST = "$(BUILT_PRODUCTS_DIR)/Liuli-Server.app/$(BUNDLE_EXECUTABLE_FOLDER_PATH)/Liuli-Server";
			};
			name = Release;
		};
		903511412ECF6AAF00882C28 /* Debug */ = {
			isa = XCBuildConfiguration;
			buildSettings = {
				CODE_SIGN_STYLE = Automatic;
				CURRENT_PROJECT_VERSION = 1;
				DEVELOPMENT_TEAM = W8E8RFHDS3;
				GENERATE_INFOPLIST_FILE = YES;
				MARKETING_VERSION = 1.0;
				PRODUCT_BUNDLE_IDENTIFIER = "cn.kabda.Liuli-ServerUITests";
				PRODUCT_NAME = "$(TARGET_NAME)";
				STRING_CATALOG_GENERATE_SYMBOLS = NO;
				SWIFT_APPROACHABLE_CONCURRENCY = YES;
				SWIFT_EMIT_LOC_STRINGS = NO;
				SWIFT_UPCOMING_FEATURE_MEMBER_IMPORT_VISIBILITY = YES;
				SWIFT_VERSION = 5.0;
				TEST_TARGET_NAME = "Liuli-Server";
			};
			name = Debug;
		};
		903511422ECF6AAF00882C28 /* Release */ = {
			isa = XCBuildConfiguration;
			buildSettings = {
				CODE_SIGN_STYLE = Automatic;
				CURRENT_PROJECT_VERSION = 1;
				DEVELOPMENT_TEAM = W8E8RFHDS3;
				GENERATE_INFOPLIST_FILE = YES;
				MARKETING_VERSION = 1.0;
				PRODUCT_BUNDLE_IDENTIFIER = "cn.kabda.Liuli-ServerUITests";
				PRODUCT_NAME = "$(TARGET_NAME)";
				STRING_CATALOG_GENERATE_SYMBOLS = NO;
				SWIFT_APPROACHABLE_CONCURRENCY = YES;
				SWIFT_EMIT_LOC_STRINGS = NO;
				SWIFT_UPCOMING_FEATURE_MEMBER_IMPORT_VISIBILITY = YES;
				SWIFT_VERSION = 5.0;
				TEST_TARGET_NAME = "Liuli-Server";
			};
			name = Release;
		};
/* End XCBuildConfiguration section */

/* Begin XCConfigurationList section */
		903511122ECF6AAE00882C28 /* Build configuration list for PBXProject "Liuli-Server" */ = {
			isa = XCConfigurationList;
			buildConfigurations = (
				903511382ECF6AAF00882C28 /* Debug */,
				903511392ECF6AAF00882C28 /* Release */,
			);
			defaultConfigurationIsVisible = 0;
			defaultConfigurationName = Release;
		};
		9035113A2ECF6AAF00882C28 /* Build configuration list for PBXNativeTarget "Liuli-Server" */ = {
			isa = XCConfigurationList;
			buildConfigurations = (
				9035113B2ECF6AAF00882C28 /* Debug */,
				9035113C2ECF6AAF00882C28 /* Release */,
			);
			defaultConfigurationIsVisible = 0;
			defaultConfigurationName = Release;
		};
		9035113D2ECF6AAF00882C28 /* Build configuration list for PBXNativeTarget "Liuli-ServerTests" */ = {
			isa = XCConfigurationList;
			buildConfigurations = (
				9035113E2ECF6AAF00882C28 /* Debug */,
				9035113F2ECF6AAF00882C28 /* Release */,
			);
			defaultConfigurationIsVisible = 0;
			defaultConfigurationName = Release;
		};
		903511402ECF6AAF00882C28 /* Build configuration list for PBXNativeTarget "Liuli-ServerUITests" */ = {
			isa = XCConfigurationList;
			buildConfigurations = (
				903511412ECF6AAF00882C28 /* Debug */,
				903511422ECF6AAF00882C28 /* Release */,
			);
			defaultConfigurationIsVisible = 0;
			defaultConfigurationName = Release;
		};
/* End XCConfigurationList section */
	};
	rootObject = 9035110F2ECF6AAE00882C28 /* Project object */;
}
